// !$*UTF8*$!
{
	archiveVersion = 1;
	classes = {
	};
	objectVersion = 48;
	objects = {

/* Begin PBXBuildFile section */
		891FB8930162211636C04B28 /* Pods_CurrencyProject.framework in Frameworks */ = {isa = PBXBuildFile; fileRef = 4F97D9578AF98136F9C2D9FD /* Pods_CurrencyProject.framework */; };
		B24B254D1FF3F95A00AA1E04 /* AppDelegate.swift in Sources */ = {isa = PBXBuildFile; fileRef = B24B254C1FF3F95A00AA1E04 /* AppDelegate.swift */; };
		B24B254F1FF3F95A00AA1E04 /* ViewController.swift in Sources */ = {isa = PBXBuildFile; fileRef = B24B254E1FF3F95A00AA1E04 /* ViewController.swift */; };
		B24B25521FF3F95A00AA1E04 /* Main.storyboard in Resources */ = {isa = PBXBuildFile; fileRef = B24B25501FF3F95A00AA1E04 /* Main.storyboard */; };
		B24B25541FF3F95A00AA1E04 /* Assets.xcassets in Resources */ = {isa = PBXBuildFile; fileRef = B24B25531FF3F95A00AA1E04 /* Assets.xcassets */; };
		B24B25571FF3F95A00AA1E04 /* LaunchScreen.storyboard in Resources */ = {isa = PBXBuildFile; fileRef = B24B25551FF3F95A00AA1E04 /* LaunchScreen.storyboard */; };
		B24B25601FF3FB4A00AA1E04 /* APIManager.swift in Sources */ = {isa = PBXBuildFile; fileRef = B24B255F1FF3FB4A00AA1E04 /* APIManager.swift */; };
		B24B25631FF4213E00AA1E04 /* CurrencyPickerTextField.swift in Sources */ = {isa = PBXBuildFile; fileRef = B24B25621FF4213E00AA1E04 /* CurrencyPickerTextField.swift */; };
/* End PBXBuildFile section */

/* Begin PBXFileReference section */
		087A9B44450DBECE68BD3860 /* Pods-CurrencyProject.release.xcconfig */ = {isa = PBXFileReference; includeInIndex = 1; lastKnownFileType = text.xcconfig; name = "Pods-CurrencyProject.release.xcconfig"; path = "Pods/Target Support Files/Pods-CurrencyProject/Pods-CurrencyProject.release.xcconfig"; sourceTree = "<group>"; };
		4F97D9578AF98136F9C2D9FD /* Pods_CurrencyProject.framework */ = {isa = PBXFileReference; explicitFileType = wrapper.framework; includeInIndex = 0; path = Pods_CurrencyProject.framework; sourceTree = BUILT_PRODUCTS_DIR; };
		B24B25491FF3F95A00AA1E04 /* CurrencyProject.app */ = {isa = PBXFileReference; explicitFileType = wrapper.application; includeInIndex = 0; path = CurrencyProject.app; sourceTree = BUILT_PRODUCTS_DIR; };
		B24B254C1FF3F95A00AA1E04 /* AppDelegate.swift */ = {isa = PBXFileReference; lastKnownFileType = sourcecode.swift; path = AppDelegate.swift; sourceTree = "<group>"; };
		B24B254E1FF3F95A00AA1E04 /* ViewController.swift */ = {isa = PBXFileReference; lastKnownFileType = sourcecode.swift; path = ViewController.swift; sourceTree = "<group>"; };
		B24B25511FF3F95A00AA1E04 /* Base */ = {isa = PBXFileReference; lastKnownFileType = file.storyboard; name = Base; path = Base.lproj/Main.storyboard; sourceTree = "<group>"; };
		B24B25531FF3F95A00AA1E04 /* Assets.xcassets */ = {isa = PBXFileReference; lastKnownFileType = folder.assetcatalog; path = Assets.xcassets; sourceTree = "<group>"; };
		B24B25561FF3F95A00AA1E04 /* Base */ = {isa = PBXFileReference; lastKnownFileType = file.storyboard; name = Base; path = Base.lproj/LaunchScreen.storyboard; sourceTree = "<group>"; };
		B24B25581FF3F95A00AA1E04 /* Info.plist */ = {isa = PBXFileReference; lastKnownFileType = text.plist.xml; path = Info.plist; sourceTree = "<group>"; };
		B24B255F1FF3FB4A00AA1E04 /* APIManager.swift */ = {isa = PBXFileReference; lastKnownFileType = sourcecode.swift; path = APIManager.swift; sourceTree = "<group>"; };
		B24B25621FF4213E00AA1E04 /* CurrencyPickerTextField.swift */ = {isa = PBXFileReference; lastKnownFileType = sourcecode.swift; path = CurrencyPickerTextField.swift; sourceTree = "<group>"; };
		DDD43D578928FE8E93564A28 /* Pods-CurrencyProject.debug.xcconfig */ = {isa = PBXFileReference; includeInIndex = 1; lastKnownFileType = text.xcconfig; name = "Pods-CurrencyProject.debug.xcconfig"; path = "Pods/Target Support Files/Pods-CurrencyProject/Pods-CurrencyProject.debug.xcconfig"; sourceTree = "<group>"; };
/* End PBXFileReference section */

/* Begin PBXFrameworksBuildPhase section */
		B24B25461FF3F95A00AA1E04 /* Frameworks */ = {
			isa = PBXFrameworksBuildPhase;
			buildActionMask = 2147483647;
			files = (
				891FB8930162211636C04B28 /* Pods_CurrencyProject.framework in Frameworks */,
			);
			runOnlyForDeploymentPostprocessing = 0;
		};
/* End PBXFrameworksBuildPhase section */

/* Begin PBXGroup section */
		5F3822FAADFD7FA6A3781D93 /* Pods */ = {
			isa = PBXGroup;
			children = (
				DDD43D578928FE8E93564A28 /* Pods-CurrencyProject.debug.xcconfig */,
				087A9B44450DBECE68BD3860 /* Pods-CurrencyProject.release.xcconfig */,
			);
			name = Pods;
			sourceTree = "<group>";
		};
		B24B25401FF3F95A00AA1E04 = {
			isa = PBXGroup;
			children = (
				B24B254B1FF3F95A00AA1E04 /* CurrencyProject */,
				B24B254A1FF3F95A00AA1E04 /* Products */,
				5F3822FAADFD7FA6A3781D93 /* Pods */,
				E02C2A1C6CB5E5FF64070739 /* Frameworks */,
			);
			sourceTree = "<group>";
		};
		B24B254A1FF3F95A00AA1E04 /* Products */ = {
			isa = PBXGroup;
			children = (
				B24B25491FF3F95A00AA1E04 /* CurrencyProject.app */,
			);
			name = Products;
			sourceTree = "<group>";
		};
		B24B254B1FF3F95A00AA1E04 /* CurrencyProject */ = {
			isa = PBXGroup;
			children = (
				B24B25611FF4212C00AA1E04 /* View */,
				B24B255E1FF3FB3A00AA1E04 /* Model */,
				B24B254C1FF3F95A00AA1E04 /* AppDelegate.swift */,
				B24B254E1FF3F95A00AA1E04 /* ViewController.swift */,
				B24B25501FF3F95A00AA1E04 /* Main.storyboard */,
				B24B25531FF3F95A00AA1E04 /* Assets.xcassets */,
				B24B25551FF3F95A00AA1E04 /* LaunchScreen.storyboard */,
				B24B25581FF3F95A00AA1E04 /* Info.plist */,
			);
			path = CurrencyProject;
			sourceTree = "<group>";
		};
		B24B255E1FF3FB3A00AA1E04 /* Model */ = {
			isa = PBXGroup;
			children = (
				B24B255F1FF3FB4A00AA1E04 /* APIManager.swift */,
			);
			path = Model;
			sourceTree = "<group>";
		};
		B24B25611FF4212C00AA1E04 /* View */ = {
			isa = PBXGroup;
			children = (
				B24B25621FF4213E00AA1E04 /* CurrencyPickerTextField.swift */,
			);
			path = View;
			sourceTree = "<group>";
		};
		E02C2A1C6CB5E5FF64070739 /* Frameworks */ = {
			isa = PBXGroup;
			children = (
				4F97D9578AF98136F9C2D9FD /* Pods_CurrencyProject.framework */,
			);
			name = Frameworks;
			sourceTree = "<group>";
		};
/* End PBXGroup section */

/* Begin PBXNativeTarget section */
		B24B25481FF3F95A00AA1E04 /* CurrencyProject */ = {
			isa = PBXNativeTarget;
			buildConfigurationList = B24B255B1FF3F95A00AA1E04 /* Build configuration list for PBXNativeTarget "CurrencyProject" */;
			buildPhases = (
				3135348DFF7DE98F05DEB5BA /* [CP] Check Pods Manifest.lock */,
				B24B25451FF3F95A00AA1E04 /* Sources */,
				B24B25461FF3F95A00AA1E04 /* Frameworks */,
				B24B25471FF3F95A00AA1E04 /* Resources */,
				91069FE8C867BA8B008E1A6D /* [CP] Embed Pods Frameworks */,
				DD4572B71D52803AD9EF78E1 /* [CP] Copy Pods Resources */,
			);
			buildRules = (
			);
			dependencies = (
			);
			name = CurrencyProject;
			productName = CurrencyProject;
			productReference = B24B25491FF3F95A00AA1E04 /* CurrencyProject.app */;
			productType = "com.apple.product-type.application";
		};
/* End PBXNativeTarget section */

/* Begin PBXProject section */
		B24B25411FF3F95A00AA1E04 /* Project object */ = {
			isa = PBXProject;
			attributes = {
				LastSwiftUpdateCheck = 0920;
				LastUpgradeCheck = 0920;
				ORGANIZATIONNAME = hackeru;
				TargetAttributes = {
					B24B25481FF3F95A00AA1E04 = {
						CreatedOnToolsVersion = 9.2;
						ProvisioningStyle = Automatic;
					};
				};
			};
			buildConfigurationList = B24B25441FF3F95A00AA1E04 /* Build configuration list for PBXProject "CurrencyProject" */;
			compatibilityVersion = "Xcode 8.0";
			developmentRegion = en;
			hasScannedForEncodings = 0;
			knownRegions = (
				en,
				Base,
			);
			mainGroup = B24B25401FF3F95A00AA1E04;
			productRefGroup = B24B254A1FF3F95A00AA1E04 /* Products */;
			projectDirPath = "";
			projectRoot = "";
			targets = (
				B24B25481FF3F95A00AA1E04 /* CurrencyProject */,
			);
		};
/* End PBXProject section */

/* Begin PBXResourcesBuildPhase section */
		B24B25471FF3F95A00AA1E04 /* Resources */ = {
			isa = PBXResourcesBuildPhase;
			buildActionMask = 2147483647;
			files = (
				B24B25571FF3F95A00AA1E04 /* LaunchScreen.storyboard in Resources */,
				B24B25541FF3F95A00AA1E04 /* Assets.xcassets in Resources */,
				B24B25521FF3F95A00AA1E04 /* Main.storyboard in Resources */,
			);
			runOnlyForDeploymentPostprocessing = 0;
		};
/* End PBXResourcesBuildPhase section */

/* Begin PBXShellScriptBuildPhase section */
		3135348DFF7DE98F05DEB5BA /* [CP] Check Pods Manifest.lock */ = {
			isa = PBXShellScriptBuildPhase;
			buildActionMask = 2147483647;
			files = (
			);
			inputPaths = (
				"${PODS_PODFILE_DIR_PATH}/Podfile.lock",
				"${PODS_ROOT}/Manifest.lock",
			);
			name = "[CP] Check Pods Manifest.lock";
			outputPaths = (
				"$(DERIVED_FILE_DIR)/Pods-CurrencyProject-checkManifestLockResult.txt",
			);
			runOnlyForDeploymentPostprocessing = 0;
			shellPath = /bin/sh;
			shellScript = "diff \"${PODS_PODFILE_DIR_PATH}/Podfile.lock\" \"${PODS_ROOT}/Manifest.lock\" > /dev/null\nif [ $? != 0 ] ; then\n    # print error to STDERR\n    echo \"error: The sandbox is not in sync with the Podfile.lock. Run 'pod install' or update your CocoaPods installation.\" >&2\n    exit 1\nfi\n# This output is used by Xcode 'outputs' to avoid re-running this script phase.\necho \"SUCCESS\" > \"${SCRIPT_OUTPUT_FILE_0}\"\n";
			showEnvVarsInLog = 0;
		};
		91069FE8C867BA8B008E1A6D /* [CP] Embed Pods Frameworks */ = {
			isa = PBXShellScriptBuildPhase;
			buildActionMask = 2147483647;
			files = (
			);
			inputPaths = (
				"${SRCROOT}/Pods/Target Support Files/Pods-CurrencyProject/Pods-CurrencyProject-frameworks.sh",
				"${BUILT_PRODUCTS_DIR}/Alamofire/Alamofire.framework",
			);
			name = "[CP] Embed Pods Frameworks";
			outputPaths = (
				"${TARGET_BUILD_DIR}/${FRAMEWORKS_FOLDER_PATH}/Alamofire.framework",
			);
			runOnlyForDeploymentPostprocessing = 0;
			shellPath = /bin/sh;
			shellScript = "\"${SRCROOT}/Pods/Target Support Files/Pods-CurrencyProject/Pods-CurrencyProject-frameworks.sh\"\n";
			showEnvVarsInLog = 0;
		};
		DD4572B71D52803AD9EF78E1 /* [CP] Copy Pods Resources */ = {
			isa = PBXShellScriptBuildPhase;
			buildActionMask = 2147483647;
			files = (
			);
			inputPaths = (
			);
			name = "[CP] Copy Pods Resources";
			outputPaths = (
			);
			runOnlyForDeploymentPostprocessing = 0;
			shellPath = /bin/sh;
			shellScript = "\"${SRCROOT}/Pods/Target Support Files/Pods-CurrencyProject/Pods-CurrencyProject-resources.sh\"\n";
			showEnvVarsInLog = 0;
		};
/* End PBXShellScriptBuildPhase section */

/* Begin PBXSourcesBuildPhase section */
		B24B25451FF3F95A00AA1E04 /* Sources */ = {
			isa = PBXSourcesBuildPhase;
			buildActionMask = 2147483647;
			files = (
				B24B25601FF3FB4A00AA1E04 /* APIManager.swift in Sources */,
				B24B254F1FF3F95A00AA1E04 /* ViewController.swift in Sources */,
				B24B25631FF4213E00AA1E04 /* CurrencyPickerTextField.swift in Sources */,
				B24B254D1FF3F95A00AA1E04 /* AppDelegate.swift in Sources */,
			);
			runOnlyForDeploymentPostprocessing = 0;
		};
/* End PBXSourcesBuildPhase section */

/* Begin PBXVariantGroup section */
		B24B25501FF3F95A00AA1E04 /* Main.storyboard */ = {
			isa = PBXVariantGroup;
			children = (
				B24B25511FF3F95A00AA1E04 /* Base */,
			);
			name = Main.storyboard;
			sourceTree = "<group>";
		};
		B24B25551FF3F95A00AA1E04 /* LaunchScreen.storyboard */ = {
			isa = PBXVariantGroup;
			children = (
				B24B25561FF3F95A00AA1E04 /* Base */,
			);
			name = LaunchScreen.storyboard;
			sourceTree = "<group>";
		};
/* End PBXVariantGroup section */

/* Begin XCBuildConfiguration section */
		B24B25591FF3F95A00AA1E04 /* Debug */ = {
			isa = XCBuildConfiguration;
			buildSettings = {
				ALWAYS_SEARCH_USER_PATHS = NO;
				CLANG_ANALYZER_NONNULL = YES;
				CLANG_ANALYZER_NUMBER_OBJECT_CONVERSION = YES_AGGRESSIVE;
				CLANG_CXX_LANGUAGE_STANDARD = "gnu++14";
				CLANG_CXX_LIBRARY = "libc++";
				CLANG_ENABLE_MODULES = YES;
				CLANG_ENABLE_OBJC_ARC = YES;
				CLANG_WARN_BLOCK_CAPTURE_AUTORELEASING = YES;
				CLANG_WARN_BOOL_CONVERSION = YES;
				CLANG_WARN_COMMA = YES;
				CLANG_WARN_CONSTANT_CONVERSION = YES;
				CLANG_WARN_DIRECT_OBJC_ISA_USAGE = YES_ERROR;
				CLANG_WARN_DOCUMENTATION_COMMENTS = YES;
				CLANG_WARN_EMPTY_BODY = YES;
				CLANG_WARN_ENUM_CONVERSION = YES;
				CLANG_WARN_INFINITE_RECURSION = YES;
				CLANG_WARN_INT_CONVERSION = YES;
				CLANG_WARN_NON_LITERAL_NULL_CONVERSION = YES;
				CLANG_WARN_OBJC_LITERAL_CONVERSION = YES;
				CLANG_WARN_OBJC_ROOT_CLASS = YES_ERROR;
				CLANG_WARN_RANGE_LOOP_ANALYSIS = YES;
				CLANG_WARN_STRICT_PROTOTYPES = YES;
				CLANG_WARN_SUSPICIOUS_MOVE = YES;
				CLANG_WARN_UNGUARDED_AVAILABILITY = YES_AGGRESSIVE;
				CLANG_WARN_UNREACHABLE_CODE = YES;
				CLANG_WARN__DUPLICATE_METHOD_MATCH = YES;
				CODE_SIGN_IDENTITY = "iPhone Developer";
				COPY_PHASE_STRIP = NO;
				DEBUG_INFORMATION_FORMAT = dwarf;
				ENABLE_STRICT_OBJC_MSGSEND = YES;
				ENABLE_TESTABILITY = YES;
				GCC_C_LANGUAGE_STANDARD = gnu11;
				GCC_DYNAMIC_NO_PIC = NO;
				GCC_NO_COMMON_BLOCKS = YES;
				GCC_OPTIMIZATION_LEVEL = 0;
				GCC_PREPROCESSOR_DEFINITIONS = (
					"DEBUG=1",
					"$(inherited)",
				);
				GCC_WARN_64_TO_32_BIT_CONVERSION = YES;
				GCC_WARN_ABOUT_RETURN_TYPE = YES_ERROR;
				GCC_WARN_UNDECLARED_SELECTOR = YES;
				GCC_WARN_UNINITIALIZED_AUTOS = YES_AGGRESSIVE;
				GCC_WARN_UNUSED_FUNCTION = YES;
				GCC_WARN_UNUSED_VARIABLE = YES;
				IPHONEOS_DEPLOYMENT_TARGET = 11.2;
				MTL_ENABLE_DEBUG_INFO = YES;
				ONLY_ACTIVE_ARCH = YES;
				SDKROOT = iphoneos;
				SWIFT_ACTIVE_COMPILATION_CONDITIONS = DEBUG;
				SWIFT_OPTIMIZATION_LEVEL = "-Onone";
			};
			name = Debug;
		};
		B24B255A1FF3F95A00AA1E04 /* Release */ = {
			isa = XCBuildConfiguration;
			buildSettings = {
				ALWAYS_SEARCH_USER_PATHS = NO;
				CLANG_ANALYZER_NONNULL = YES;
				CLANG_ANALYZER_NUMBER_OBJECT_CONVERSION = YES_AGGRESSIVE;
				CLANG_CXX_LANGUAGE_STANDARD = "gnu++14";
				CLANG_CXX_LIBRARY = "libc++";
				CLANG_ENABLE_MODULES = YES;
				CLANG_ENABLE_OBJC_ARC = YES;
				CLANG_WARN_BLOCK_CAPTURE_AUTORELEASING = YES;
				CLANG_WARN_BOOL_CONVERSION = YES;
				CLANG_WARN_COMMA = YES;
				CLANG_WARN_CONSTANT_CONVERSION = YES;
				CLANG_WARN_DIRECT_OBJC_ISA_USAGE = YES_ERROR;
				CLANG_WARN_DOCUMENTATION_COMMENTS = YES;
				CLANG_WARN_EMPTY_BODY = YES;
				CLANG_WARN_ENUM_CONVERSION = YES;
				CLANG_WARN_INFINITE_RECURSION = YES;
				CLANG_WARN_INT_CONVERSION = YES;
				CLANG_WARN_NON_LITERAL_NULL_CONVERSION = YES;
				CLANG_WARN_OBJC_LITERAL_CONVERSION = YES;
				CLANG_WARN_OBJC_ROOT_CLASS = YES_ERROR;
				CLANG_WARN_RANGE_LOOP_ANALYSIS = YES;
				CLANG_WARN_STRICT_PROTOTYPES = YES;
				CLANG_WARN_SUSPICIOUS_MOVE = YES;
				CLANG_WARN_UNGUARDED_AVAILABILITY = YES_AGGRESSIVE;
				CLANG_WARN_UNREACHABLE_CODE = YES;
				CLANG_WARN__DUPLICATE_METHOD_MATCH = YES;
				CODE_SIGN_IDENTITY = "iPhone Developer";
				COPY_PHASE_STRIP = NO;
				DEBUG_INFORMATION_FORMAT = "dwarf-with-dsym";
				ENABLE_NS_ASSERTIONS = NO;
				ENABLE_STRICT_OBJC_MSGSEND = YES;
				GCC_C_LANGUAGE_STANDARD = gnu11;
				GCC_NO_COMMON_BLOCKS = YES;
				GCC_WARN_64_TO_32_BIT_CONVERSION = YES;
				GCC_WARN_ABOUT_RETURN_TYPE = YES_ERROR;
				GCC_WARN_UNDECLARED_SELECTOR = YES;
				GCC_WARN_UNINITIALIZED_AUTOS = YES_AGGRESSIVE;
				GCC_WARN_UNUSED_FUNCTION = YES;
				GCC_WARN_UNUSED_VARIABLE = YES;
				IPHONEOS_DEPLOYMENT_TARGET = 11.2;
				MTL_ENABLE_DEBUG_INFO = NO;
				SDKROOT = iphoneos;
				SWIFT_OPTIMIZATION_LEVEL = "-Owholemodule";
				VALIDATE_PRODUCT = YES;
			};
			name = Release;
		};
		B24B255C1FF3F95A00AA1E04 /* Debug */ = {
			isa = XCBuildConfiguration;
			baseConfigurationReference = DDD43D578928FE8E93564A28 /* Pods-CurrencyProject.debug.xcconfig */;
			buildSettings = {
				ASSETCATALOG_COMPILER_APPICON_NAME = AppIcon;
				CODE_SIGN_STYLE = Automatic;
				INFOPLIST_FILE = CurrencyProject/Info.plist;
				LD_RUNPATH_SEARCH_PATHS = "$(inherited) @executable_path/Frameworks";
				PRODUCT_BUNDLE_IDENTIFIER = com.hackeru.CurrencyProject;
				PRODUCT_NAME = "$(TARGET_NAME)";
				SWIFT_VERSION = 4.0;
				TARGETED_DEVICE_FAMILY = "1,2";
			};
			name = Debug;
		};
		B24B255D1FF3F95A00AA1E04 /* Release */ = {
			isa = XCBuildConfiguration;
			baseConfigurationReference = 087A9B44450DBECE68BD3860 /* Pods-CurrencyProject.release.xcconfig */;
			buildSettings = {
				ASSETCATALOG_COMPILER_APPICON_NAME = AppIcon;
				CODE_SIGN_STYLE = Automatic;
				INFOPLIST_FILE = CurrencyProject/Info.plist;
				LD_RUNPATH_SEARCH_PATHS = "$(inherited) @executable_path/Frameworks";
				PRODUCT_BUNDLE_IDENTIFIER = com.hackeru.CurrencyProject;
				PRODUCT_NAME = "$(TARGET_NAME)";
				SWIFT_VERSION = 4.0;
				TARGETED_DEVICE_FAMILY = "1,2";
			};
			name = Release;
		};
/* End XCBuildConfiguration section */

/* Begin XCConfigurationList section */
		B24B25441FF3F95A00AA1E04 /* Build configuration list for PBXProject "CurrencyProject" */ = {
			isa = XCConfigurationList;
			buildConfigurations = (
				B24B25591FF3F95A00AA1E04 /* Debug */,
				B24B255A1FF3F95A00AA1E04 /* Release */,
			);
			defaultConfigurationIsVisible = 0;
			defaultConfigurationName = Release;
		};
		B24B255B1FF3F95A00AA1E04 /* Build configuration list for PBXNativeTarget "CurrencyProject" */ = {
			isa = XCConfigurationList;
			buildConfigurations = (
				B24B255C1FF3F95A00AA1E04 /* Debug */,
				B24B255D1FF3F95A00AA1E04 /* Release */,
			);
			defaultConfigurationIsVisible = 0;
			defaultConfigurationName = Release;
		};
/* End XCConfigurationList section */
	};
	rootObject = B24B25411FF3F95A00AA1E04 /* Project object */;
}
